
Microsoft Visual Studio Solution File, Format Version 12.00
# Visual Studio Version 16
VisualStudioVersion = 16.0.31321.278
MinimumVisualStudioVersion = 10.0.40219.1
Project("{FAE04EC0-301F-11D3-BF4B-00C04F79EFBC}") = "laba4", "laba4\laba4.csproj", "{100DDB28-53BE-418B-8831-DA610EEF1FE8}"
EndProject
Global
	GlobalSection(SolutionConfigurationPlatforms) = preSolution
		Debug|Any CPU = Debug|Any CPU
		Release|Any CPU = Release|Any CPU
	EndGlobalSection
	GlobalSection(ProjectConfigurationPlatforms) = postSolution
		{100DDB28-53BE-418B-8831-DA610EEF1FE8}.Debug|Any CPU.ActiveCfg = Debug|Any CPU
		{100DDB28-53BE-418B-8831-DA610EEF1FE8}.Debug|Any CPU.Build.0 = Debug|Any CPU
		{100DDB28-53BE-418B-8831-DA610EEF1FE8}.Release|Any CPU.ActiveCfg = Release|Any CPU
		{100DDB28-53BE-418B-8831-DA610EEF1FE8}.Release|Any CPU.Build.0 = Release|Any CPU
	EndGlobalSection
	GlobalSection(SolutionProperties) = preSolution
		HideSolutionNode = FALSE
	EndGlobalSection
	GlobalSection(ExtensibilityGlobals) = postSolution
		SolutionGuid = {4DCC4D78-D94D-43E3-B91D-C09967F5B51B}
	EndGlobalSection
EndGlobal
